{
  "nodes": {
    "flakeNimbleLib": {
      "inputs": {
        "nixpkgs": [
          "nixpkgs"
        ]
      },
      "locked": {
        "lastModified": 1662018438,
        "narHash": "sha256-QtNtU6+LX3Wokxf0zlFwKTFOcn6TeDjKQZ+DA9OYtvM=",
        "owner": "riinr",
        "repo": "nim-flakes-lib",
        "rev": "b1fe8340736e3a85d25c709ac3dfd82a55c03cbf",
        "type": "github"
      },
      "original": {
        "owner": "riinr",
        "ref": "master",
        "repo": "nim-flakes-lib",
        "type": "github"
      }
    },
    "nixpkgs": {
      "locked": {
        "lastModified": 1667199707,
        "narHash": "sha256-I2Js3Y7gUyVSEXPULHlBoRek4Lh85vnevdS6mdvDNLI=",
        "owner": "NixOS",
        "repo": "nixpkgs",
        "rev": "ced197be72099edcfa68ebed8b87af7b04851f45",
        "type": "github"
      },
      "original": {
        "id": "nixpkgs",
        "type": "indirect"
      }
    },
    "root": {
      "inputs": {
        "flakeNimbleLib": "flakeNimbleLib",
        "nixpkgs": "nixpkgs",
        "sfml-master": "sfml-master"
      }
    },
    "sfml-master": {
      "inputs": {
        "flakeNimbleLib": [
          "flakeNimbleLib"
        ],
        "nixpkgs": [
          "nixpkgs"
        ],
        "src-sfml-master": "src-sfml-master"
      },
      "locked": {
        "dir": "master",
        "lastModified": 1667322655,
        "narHash": "sha256-Z80H7Hxx/tPDTN8VMmVg7I6dPdH5on7mdVQ2L1QnnLg=",
        "owner": "nim-nix-pkgs",
        "repo": "sfml",
        "rev": "b6379d17d463901082facbe81a8ab3922a80f5a1",
        "type": "github"
      },
      "original": {
        "dir": "master",
        "owner": "nim-nix-pkgs",
        "ref": "master",
        "repo": "sfml",
        "type": "github"
      }
    },
    "src-sfml-master": {
      "flake": false,
      "locked": {
        "lastModified": 1425889232,
        "narHash": "sha256-cr3iaGpPX9/W2NHoS1IAUjIeGqWuVm0Pn1TKQaL3ons=",
        "owner": "fowlmouth",
        "repo": "nimrod-sfml",
        "rev": "304b37b024ec41f41f1ebf74720539b04726dcc9",
        "type": "github"
      },
      "original": {
        "owner": "fowlmouth",
        "ref": "refs/heads/master",
        "repo": "nimrod-sfml",
        "type": "github"
      }
    }
  },
  "root": "root",
  "version": 7
}
